
Microsoft Visual Studio Solution File, Format Version 12.00
# Visual Studio Version 17
VisualStudioVersion = 17.0.31903.59
MinimumVisualStudioVersion = 10.0.40219.1
Project("{FAE04EC0-301F-11D3-BF4B-00C04F79EFBC}") = "TiendaAPI", "TiendaAPI\TiendaAPI.csproj", "{1C8028FF-137D-481F-BCD5-1A7D752A608B}"
EndProject
Project("{FAE04EC0-301F-11D3-BF4B-00C04F79EFBC}") = "TiendaComponentes.Cliente", "TiendaComponentes.Cliente\TiendaComponentes.Cliente.csproj", "{4812F0F3-31D0-37E8-E88A-40F3BC123DCC}"
EndProject
Project("{FAE04EC0-301F-11D3-BF4B-00C04F79EFBC}") = "TiendaComponentes.Shared", "TiendaComponentes.Shared\TiendaComponentes.Shared.csproj", "{6A6F8307-146C-4D2E-AC37-B0C3B3583B13}"
EndProject
Project("{FAE04EC0-301F-11D3-BF4B-00C04F79EFBC}") = "ZonaPC.AdminPanel", "ZonaPC.AdminPanel\ZonaPC.AdminPanel.csproj", "{0B3BABD5-66F4-4B93-B088-6072BB0E493D}"
EndProject
Global
	GlobalSection(SolutionConfigurationPlatforms) = preSolution
		Debug|Any CPU = Debug|Any CPU
		Debug|x64 = Debug|x64
		Debug|x86 = Debug|x86
		Release|Any CPU = Release|Any CPU
		Release|x64 = Release|x64
		Release|x86 = Release|x86
	EndGlobalSection
	GlobalSection(ProjectConfigurationPlatforms) = postSolution
		{1C8028FF-137D-481F-BCD5-1A7D752A608B}.Debug|Any CPU.ActiveCfg = Debug|Any CPU
		{1C8028FF-137D-481F-BCD5-1A7D752A608B}.Debug|Any CPU.Build.0 = Debug|Any CPU
		{1C8028FF-137D-481F-BCD5-1A7D752A608B}.Debug|x64.ActiveCfg = Debug|Any CPU
		{1C8028FF-137D-481F-BCD5-1A7D752A608B}.Debug|x64.Build.0 = Debug|Any CPU
		{1C8028FF-137D-481F-BCD5-1A7D752A608B}.Debug|x86.ActiveCfg = Debug|Any CPU
		{1C8028FF-137D-481F-BCD5-1A7D752A608B}.Debug|x86.Build.0 = Debug|Any CPU
		{1C8028FF-137D-481F-BCD5-1A7D752A608B}.Release|Any CPU.ActiveCfg = Release|Any CPU
		{1C8028FF-137D-481F-BCD5-1A7D752A608B}.Release|Any CPU.Build.0 = Release|Any CPU
		{1C8028FF-137D-481F-BCD5-1A7D752A608B}.Release|x64.ActiveCfg = Release|Any CPU
		{1C8028FF-137D-481F-BCD5-1A7D752A608B}.Release|x64.Build.0 = Release|Any CPU
		{1C8028FF-137D-481F-BCD5-1A7D752A608B}.Release|x86.ActiveCfg = Release|Any CPU
		{1C8028FF-137D-481F-BCD5-1A7D752A608B}.Release|x86.Build.0 = Release|Any CPU
		{4812F0F3-31D0-37E8-E88A-40F3BC123DCC}.Debug|Any CPU.ActiveCfg = Debug|Any CPU
		{4812F0F3-31D0-37E8-E88A-40F3BC123DCC}.Debug|Any CPU.Build.0 = Debug|Any CPU
		{4812F0F3-31D0-37E8-E88A-40F3BC123DCC}.Debug|x64.ActiveCfg = Debug|Any CPU
		{4812F0F3-31D0-37E8-E88A-40F3BC123DCC}.Debug|x64.Build.0 = Debug|Any CPU
		{4812F0F3-31D0-37E8-E88A-40F3BC123DCC}.Debug|x86.ActiveCfg = Debug|Any CPU
		{4812F0F3-31D0-37E8-E88A-40F3BC123DCC}.Debug|x86.Build.0 = Debug|Any CPU
		{4812F0F3-31D0-37E8-E88A-40F3BC123DCC}.Release|Any CPU.ActiveCfg = Release|Any CPU
		{4812F0F3-31D0-37E8-E88A-40F3BC123DCC}.Release|Any CPU.Build.0 = Release|Any CPU
		{4812F0F3-31D0-37E8-E88A-40F3BC123DCC}.Release|x64.ActiveCfg = Release|Any CPU
		{4812F0F3-31D0-37E8-E88A-40F3BC123DCC}.Release|x64.Build.0 = Release|Any CPU
		{4812F0F3-31D0-37E8-E88A-40F3BC123DCC}.Release|x86.ActiveCfg = Release|Any CPU
		{4812F0F3-31D0-37E8-E88A-40F3BC123DCC}.Release|x86.Build.0 = Release|Any CPU
		{6A6F8307-146C-4D2E-AC37-B0C3B3583B13}.Debug|Any CPU.ActiveCfg = Debug|Any CPU
		{6A6F8307-146C-4D2E-AC37-B0C3B3583B13}.Debug|Any CPU.Build.0 = Debug|Any CPU
		{6A6F8307-146C-4D2E-AC37-B0C3B3583B13}.Debug|x64.ActiveCfg = Debug|Any CPU
		{6A6F8307-146C-4D2E-AC37-B0C3B3583B13}.Debug|x64.Build.0 = Debug|Any CPU
		{6A6F8307-146C-4D2E-AC37-B0C3B3583B13}.Debug|x86.ActiveCfg = Debug|Any CPU
		{6A6F8307-146C-4D2E-AC37-B0C3B3583B13}.Debug|x86.Build.0 = Debug|Any CPU
		{6A6F8307-146C-4D2E-AC37-B0C3B3583B13}.Release|Any CPU.ActiveCfg = Release|Any CPU
		{6A6F8307-146C-4D2E-AC37-B0C3B3583B13}.Release|Any CPU.Build.0 = Release|Any CPU
		{6A6F8307-146C-4D2E-AC37-B0C3B3583B13}.Release|x64.ActiveCfg = Release|Any CPU
		{6A6F8307-146C-4D2E-AC37-B0C3B3583B13}.Release|x64.Build.0 = Release|Any CPU
		{6A6F8307-146C-4D2E-AC37-B0C3B3583B13}.Release|x86.ActiveCfg = Release|Any CPU
		{6A6F8307-146C-4D2E-AC37-B0C3B3583B13}.Release|x86.Build.0 = Release|Any CPU
		{0B3BABD5-66F4-4B93-B088-6072BB0E493D}.Debug|Any CPU.ActiveCfg = Debug|Any CPU
		{0B3BABD5-66F4-4B93-B088-6072BB0E493D}.Debug|Any CPU.Build.0 = Debug|Any CPU
		{0B3BABD5-66F4-4B93-B088-6072BB0E493D}.Debug|x64.ActiveCfg = Debug|Any CPU
		{0B3BABD5-66F4-4B93-B088-6072BB0E493D}.Debug|x64.Build.0 = Debug|Any CPU
		{0B3BABD5-66F4-4B93-B088-6072BB0E493D}.Debug|x86.ActiveCfg = Debug|Any CPU
		{0B3BABD5-66F4-4B93-B088-6072BB0E493D}.Debug|x86.Build.0 = Debug|Any CPU
		{0B3BABD5-66F4-4B93-B088-6072BB0E493D}.Release|Any CPU.ActiveCfg = Release|Any CPU
		{0B3BABD5-66F4-4B93-B088-6072BB0E493D}.Release|Any CPU.Build.0 = Release|Any CPU
		{0B3BABD5-66F4-4B93-B088-6072BB0E493D}.Release|x64.ActiveCfg = Release|Any CPU
		{0B3BABD5-66F4-4B93-B088-6072BB0E493D}.Release|x64.Build.0 = Release|Any CPU
		{0B3BABD5-66F4-4B93-B088-6072BB0E493D}.Release|x86.ActiveCfg = Release|Any CPU
		{0B3BABD5-66F4-4B93-B088-6072BB0E493D}.Release|x86.Build.0 = Release|Any CPU
	EndGlobalSection
	GlobalSection(SolutionProperties) = preSolution
		HideSolutionNode = FALSE
	EndGlobalSection
	GlobalSection(ExtensibilityGlobals) = postSolution
		SolutionGuid = {E92755C0-3639-42DD-9152-CBEA53928185}
	EndGlobalSection
EndGlobal
